
Microsoft Visual Studio Solution File, Format Version 12.00
# Visual Studio Version 16
VisualStudioVersion = 16.0.30114.105
MinimumVisualStudioVersion = 10.0.40219.1
Project("{2150E333-8FDC-42A3-9474-1A3956D46DE8}") = "manager-web", "manager-web", "{BB5A70F2-0B39-462D-8951-91D299D6FA62}"
EndProject
Project("{2150E333-8FDC-42A3-9474-1A3956D46DE8}") = "src", "src", "{C8919CBA-ED19-49DE-996D-C5D3312F6B94}"
EndProject
Project("{FAE04EC0-301F-11D3-BF4B-00C04F79EFBC}") = "Manager.Web", "manager-web\src\Manager.Web\Manager.Web.csproj", "{68E45702-0A84-4DE2-B7BE-1989BFC914EC}"
EndProject
Global
	GlobalSection(SolutionConfigurationPlatforms) = preSolution
		Debug|Any CPU = Debug|Any CPU
		Release|Any CPU = Release|Any CPU
	EndGlobalSection
	GlobalSection(SolutionProperties) = preSolution
		HideSolutionNode = FALSE
	EndGlobalSection
	GlobalSection(ProjectConfigurationPlatforms) = postSolution
		{68E45702-0A84-4DE2-B7BE-1989BFC914EC}.Debug|Any CPU.ActiveCfg = Debug|Any CPU
		{68E45702-0A84-4DE2-B7BE-1989BFC914EC}.Debug|Any CPU.Build.0 = Debug|Any CPU
		{68E45702-0A84-4DE2-B7BE-1989BFC914EC}.Release|Any CPU.ActiveCfg = Release|Any CPU
		{68E45702-0A84-4DE2-B7BE-1989BFC914EC}.Release|Any CPU.Build.0 = Release|Any CPU
	EndGlobalSection
	GlobalSection(NestedProjects) = preSolution
		{C8919CBA-ED19-49DE-996D-C5D3312F6B94} = {BB5A70F2-0B39-462D-8951-91D299D6FA62}
		{68E45702-0A84-4DE2-B7BE-1989BFC914EC} = {C8919CBA-ED19-49DE-996D-C5D3312F6B94}
	EndGlobalSection
EndGlobal
